
Microsoft Visual Studio Solution File, Format Version 12.00
# Visual Studio 15
VisualStudioVersion = 15.0.28010.2050
MinimumVisualStudioVersion = 10.0.40219.1
Project("{FAE04EC0-301F-11D3-BF4B-00C04F79EFBC}") = "AnimalPlanet", "AnimalPlanet\AnimalPlanet.csproj", "{1F7BCB26-A189-4105-9FB4-3EE02E270A98}"
EndProject
Global
	GlobalSection(SolutionConfigurationPlatforms) = preSolution
		Debug|Any CPU = Debug|Any CPU
		Release|Any CPU = Release|Any CPU
	EndGlobalSection
	GlobalSection(ProjectConfigurationPlatforms) = postSolution
		{1F7BCB26-A189-4105-9FB4-3EE02E270A98}.Debug|Any CPU.ActiveCfg = Debug|Any CPU
		{1F7BCB26-A189-4105-9FB4-3EE02E270A98}.Debug|Any CPU.Build.0 = Debug|Any CPU
		{1F7BCB26-A189-4105-9FB4-3EE02E270A98}.Release|Any CPU.ActiveCfg = Release|Any CPU
		{1F7BCB26-A189-4105-9FB4-3EE02E270A98}.Release|Any CPU.Build.0 = Release|Any CPU
	EndGlobalSection
	GlobalSection(SolutionProperties) = preSolution
		HideSolutionNode = FALSE
	EndGlobalSection
	GlobalSection(ExtensibilityGlobals) = postSolution
		SolutionGuid = {AD642AF0-51CF-49F9-B747-A75C5D25E4D1}
	EndGlobalSection
EndGlobal
