
Microsoft Visual Studio Solution File, Format Version 12.00
# Visual Studio 15
VisualStudioVersion = 15.0.28010.2050
MinimumVisualStudioVersion = 10.0.40219.1
Project("{FAE04EC0-301F-11D3-BF4B-00C04F79EFBC}") = "OOP - Properties", "OOP\OOP - Properties.csproj", "{92D13735-3891-46E2-99C1-42C51EF0BD81}"
EndProject
Project("{FAE04EC0-301F-11D3-BF4B-00C04F79EFBC}") = "OOP - Inheritance", "..\OOP_Inheritance\OOP - Inheritance\OOP - Inheritance.csproj", "{E474BE98-DFC9-4174-BBF4-C63ED645632F}"
EndProject
Project("{FAE04EC0-301F-11D3-BF4B-00C04F79EFBC}") = "Polymorphism", "..\OOP_Polymorphism\Polymorphism\Polymorphism.csproj", "{27100D84-842A-47B2-B459-7E491B560D5E}"
EndProject
Project("{FAE04EC0-301F-11D3-BF4B-00C04F79EFBC}") = "This_and_Base", "..\OOP_this_base\This_and_Base\This_and_Base.csproj", "{039931AE-BA3C-4C9A-B75D-13B1F7B6104E}"
EndProject
Project("{FAE04EC0-301F-11D3-BF4B-00C04F79EFBC}") = "Constructors_Overload", "..\OOP_Constructors_Overload\Constructors_Overload\Constructors_Overload.csproj", "{EFE5E708-10DD-422B-9234-CF2B6F11B602}"
EndProject
Project("{FAE04EC0-301F-11D3-BF4B-00C04F79EFBC}") = "Static_NonStatic__Methods", "..\OOP_Static_NonStatic__Methods\Static_NonStatic__Methods\Static_NonStatic__Methods.csproj", "{DF52761D-7FB4-4D2C-B136-BF7DEFD1C596}"
EndProject
Project("{FAE04EC0-301F-11D3-BF4B-00C04F79EFBC}") = "Struct", "..\OOP_Struct\Struct\Struct.csproj", "{3B9A6A33-77D1-418E-A6DB-0C9D7353D094}"
EndProject
Project("{FAE04EC0-301F-11D3-BF4B-00C04F79EFBC}") = "Delegate", "..\OOP_Delegate\Delegate\Delegate.csproj", "{0DABAD36-4F09-4D54-917A-9F1539959FA0}"
EndProject
Global
	GlobalSection(SolutionConfigurationPlatforms) = preSolution
		Debug|Any CPU = Debug|Any CPU
		Release|Any CPU = Release|Any CPU
	EndGlobalSection
	GlobalSection(ProjectConfigurationPlatforms) = postSolution
		{92D13735-3891-46E2-99C1-42C51EF0BD81}.Debug|Any CPU.ActiveCfg = Debug|Any CPU
		{92D13735-3891-46E2-99C1-42C51EF0BD81}.Debug|Any CPU.Build.0 = Debug|Any CPU
		{92D13735-3891-46E2-99C1-42C51EF0BD81}.Release|Any CPU.ActiveCfg = Release|Any CPU
		{92D13735-3891-46E2-99C1-42C51EF0BD81}.Release|Any CPU.Build.0 = Release|Any CPU
		{E474BE98-DFC9-4174-BBF4-C63ED645632F}.Debug|Any CPU.ActiveCfg = Debug|Any CPU
		{E474BE98-DFC9-4174-BBF4-C63ED645632F}.Debug|Any CPU.Build.0 = Debug|Any CPU
		{E474BE98-DFC9-4174-BBF4-C63ED645632F}.Release|Any CPU.ActiveCfg = Release|Any CPU
		{E474BE98-DFC9-4174-BBF4-C63ED645632F}.Release|Any CPU.Build.0 = Release|Any CPU
		{27100D84-842A-47B2-B459-7E491B560D5E}.Debug|Any CPU.ActiveCfg = Debug|Any CPU
		{27100D84-842A-47B2-B459-7E491B560D5E}.Debug|Any CPU.Build.0 = Debug|Any CPU
		{27100D84-842A-47B2-B459-7E491B560D5E}.Release|Any CPU.ActiveCfg = Release|Any CPU
		{27100D84-842A-47B2-B459-7E491B560D5E}.Release|Any CPU.Build.0 = Release|Any CPU
		{039931AE-BA3C-4C9A-B75D-13B1F7B6104E}.Debug|Any CPU.ActiveCfg = Debug|Any CPU
		{039931AE-BA3C-4C9A-B75D-13B1F7B6104E}.Debug|Any CPU.Build.0 = Debug|Any CPU
		{039931AE-BA3C-4C9A-B75D-13B1F7B6104E}.Release|Any CPU.ActiveCfg = Release|Any CPU
		{039931AE-BA3C-4C9A-B75D-13B1F7B6104E}.Release|Any CPU.Build.0 = Release|Any CPU
		{EFE5E708-10DD-422B-9234-CF2B6F11B602}.Debug|Any CPU.ActiveCfg = Debug|Any CPU
		{EFE5E708-10DD-422B-9234-CF2B6F11B602}.Debug|Any CPU.Build.0 = Debug|Any CPU
		{EFE5E708-10DD-422B-9234-CF2B6F11B602}.Release|Any CPU.ActiveCfg = Release|Any CPU
		{EFE5E708-10DD-422B-9234-CF2B6F11B602}.Release|Any CPU.Build.0 = Release|Any CPU
		{DF52761D-7FB4-4D2C-B136-BF7DEFD1C596}.Debug|Any CPU.ActiveCfg = Debug|Any CPU
		{DF52761D-7FB4-4D2C-B136-BF7DEFD1C596}.Debug|Any CPU.Build.0 = Debug|Any CPU
		{DF52761D-7FB4-4D2C-B136-BF7DEFD1C596}.Release|Any CPU.ActiveCfg = Release|Any CPU
		{DF52761D-7FB4-4D2C-B136-BF7DEFD1C596}.Release|Any CPU.Build.0 = Release|Any CPU
		{3B9A6A33-77D1-418E-A6DB-0C9D7353D094}.Debug|Any CPU.ActiveCfg = Debug|Any CPU
		{3B9A6A33-77D1-418E-A6DB-0C9D7353D094}.Debug|Any CPU.Build.0 = Debug|Any CPU
		{3B9A6A33-77D1-418E-A6DB-0C9D7353D094}.Release|Any CPU.ActiveCfg = Release|Any CPU
		{3B9A6A33-77D1-418E-A6DB-0C9D7353D094}.Release|Any CPU.Build.0 = Release|Any CPU
		{0DABAD36-4F09-4D54-917A-9F1539959FA0}.Debug|Any CPU.ActiveCfg = Debug|Any CPU
		{0DABAD36-4F09-4D54-917A-9F1539959FA0}.Debug|Any CPU.Build.0 = Debug|Any CPU
		{0DABAD36-4F09-4D54-917A-9F1539959FA0}.Release|Any CPU.ActiveCfg = Release|Any CPU
		{0DABAD36-4F09-4D54-917A-9F1539959FA0}.Release|Any CPU.Build.0 = Release|Any CPU
	EndGlobalSection
	GlobalSection(SolutionProperties) = preSolution
		HideSolutionNode = FALSE
	EndGlobalSection
	GlobalSection(ExtensibilityGlobals) = postSolution
		SolutionGuid = {8DF34979-9329-4C49-ABA7-5D464397E027}
	EndGlobalSection
EndGlobal
